
Microsoft Visual Studio Solution File, Format Version 12.00
# Visual Studio Version 17
VisualStudioVersion = 17.0.31903.59
MinimumVisualStudioVersion = 10.0.40219.1
Project("{2150E333-8FDC-42A3-9474-1A3956D46DE8}") = "src", "src", "{F57BD4C3-9A48-4B76-ABF8-DE7F3E305A8D}"
EndProject
Project("{FAE04EC0-301F-11D3-BF4B-00C04F79EFBC}") = "CoinPusherEngine", "src\CoinPusherEngine\CoinPusherEngine.csproj", "{714DAAF5-73FA-49BE-81C9-0FD720740A70}"
EndProject
Project("{2150E333-8FDC-42A3-9474-1A3956D46DE8}") = "tests", "tests", "{F89C0882-50F9-45F0-84F8-14ABFD8AFF60}"
EndProject
Project("{FAE04EC0-301F-11D3-BF4B-00C04F79EFBC}") = "CoinPusherEngine.Tests", "tests\CoinPusherEngine.Tests\CoinPusherEngine.Tests.csproj", "{3E4325E4-AEC9-4753-AC56-0D715E7428CD}"
EndProject
Global
	GlobalSection(SolutionConfigurationPlatforms) = preSolution
		Debug|Any CPU = Debug|Any CPU
		Release|Any CPU = Release|Any CPU
	EndGlobalSection
	GlobalSection(SolutionProperties) = preSolution
		HideSolutionNode = FALSE
	EndGlobalSection
	GlobalSection(ProjectConfigurationPlatforms) = postSolution
		{714DAAF5-73FA-49BE-81C9-0FD720740A70}.Debug|Any CPU.ActiveCfg = Debug|Any CPU
		{714DAAF5-73FA-49BE-81C9-0FD720740A70}.Debug|Any CPU.Build.0 = Debug|Any CPU
		{714DAAF5-73FA-49BE-81C9-0FD720740A70}.Release|Any CPU.ActiveCfg = Release|Any CPU
		{714DAAF5-73FA-49BE-81C9-0FD720740A70}.Release|Any CPU.Build.0 = Release|Any CPU
		{3E4325E4-AEC9-4753-AC56-0D715E7428CD}.Debug|Any CPU.ActiveCfg = Debug|Any CPU
		{3E4325E4-AEC9-4753-AC56-0D715E7428CD}.Debug|Any CPU.Build.0 = Debug|Any CPU
		{3E4325E4-AEC9-4753-AC56-0D715E7428CD}.Release|Any CPU.ActiveCfg = Release|Any CPU
		{3E4325E4-AEC9-4753-AC56-0D715E7428CD}.Release|Any CPU.Build.0 = Release|Any CPU
	EndGlobalSection
	GlobalSection(NestedProjects) = preSolution
		{714DAAF5-73FA-49BE-81C9-0FD720740A70} = {F57BD4C3-9A48-4B76-ABF8-DE7F3E305A8D}
		{3E4325E4-AEC9-4753-AC56-0D715E7428CD} = {F89C0882-50F9-45F0-84F8-14ABFD8AFF60}
	EndGlobalSection
EndGlobal
